// !$*UTF8*$!
{
	archiveVersion = 1;
	classes = {
	};
	objectVersion = 50;
	objects = {

/* Begin PBXBuildFile section */
		E962815F22B35DA600CCA09D /* TestDemoSagarRathode.xcdatamodeld in Sources */ = {isa = PBXBuildFile; fileRef = E962815D22B35DA600CCA09D /* TestDemoSagarRathode.xcdatamodeld */; };
		E987800D228A942D002290FE /* AppDelegate.swift in Sources */ = {isa = PBXBuildFile; fileRef = E987800C228A942D002290FE /* AppDelegate.swift */; };
		E987800F228A942E002290FE /* ViewController.swift in Sources */ = {isa = PBXBuildFile; fileRef = E987800E228A942E002290FE /* ViewController.swift */; };
		E9878012228A942E002290FE /* Main.storyboard in Resources */ = {isa = PBXBuildFile; fileRef = E9878010228A942E002290FE /* Main.storyboard */; };
		E9878017228A943B002290FE /* Assets.xcassets in Resources */ = {isa = PBXBuildFile; fileRef = E9878016228A943B002290FE /* Assets.xcassets */; };
		E987801A228A943B002290FE /* LaunchScreen.storyboard in Resources */ = {isa = PBXBuildFile; fileRef = E9878018228A943B002290FE /* LaunchScreen.storyboard */; };
		E987803E228A96BB002290FE /* CustomTableViewCell.swift in Sources */ = {isa = PBXBuildFile; fileRef = E987803D228A96BB002290FE /* CustomTableViewCell.swift */; };
/* End PBXBuildFile section */

/* Begin PBXContainerItemProxy section */
		E9878021228A943B002290FE /* PBXContainerItemProxy */ = {
			isa = PBXContainerItemProxy;
			containerPortal = E9878001228A942D002290FE /* Project object */;
			proxyType = 1;
			remoteGlobalIDString = E9878008228A942D002290FE;
			remoteInfo = TestDemoSagarRathode;
		};
		E987802C228A943B002290FE /* PBXContainerItemProxy */ = {
			isa = PBXContainerItemProxy;
			containerPortal = E9878001228A942D002290FE /* Project object */;
			proxyType = 1;
			remoteGlobalIDString = E9878008228A942D002290FE;
			remoteInfo = TestDemoSagarRathode;
		};
/* End PBXContainerItemProxy section */

/* Begin PBXFileReference section */
		E962815E22B35DA600CCA09D /* TestDemoSagarRathode.xcdatamodel */ = {isa = PBXFileReference; lastKnownFileType = wrapper.xcdatamodel; path = TestDemoSagarRathode.xcdatamodel; sourceTree = "<group>"; };
		E9878009228A942D002290FE /* TestDemoSagarRathode.app */ = {isa = PBXFileReference; explicitFileType = wrapper.application; includeInIndex = 0; path = TestDemoSagarRathode.app; sourceTree = BUILT_PRODUCTS_DIR; };
		E987800C228A942D002290FE /* AppDelegate.swift */ = {isa = PBXFileReference; lastKnownFileType = sourcecode.swift; path = AppDelegate.swift; sourceTree = "<group>"; };
		E987800E228A942E002290FE /* ViewController.swift */ = {isa = PBXFileReference; lastKnownFileType = sourcecode.swift; path = ViewController.swift; sourceTree = "<group>"; };
		E9878011228A942E002290FE /* Base */ = {isa = PBXFileReference; lastKnownFileType = file.storyboard; name = Base; path = Base.lproj/Main.storyboard; sourceTree = "<group>"; };
		E9878016228A943B002290FE /* Assets.xcassets */ = {isa = PBXFileReference; lastKnownFileType = folder.assetcatalog; path = Assets.xcassets; sourceTree = "<group>"; };
		E9878019228A943B002290FE /* Base */ = {isa = PBXFileReference; lastKnownFileType = file.storyboard; name = Base; path = Base.lproj/LaunchScreen.storyboard; sourceTree = "<group>"; };
		E987801B228A943B002290FE /* Info.plist */ = {isa = PBXFileReference; lastKnownFileType = text.plist.xml; path = Info.plist; sourceTree = "<group>"; };
		E9878020228A943B002290FE /* TestDemoSagarRathodeTests.xctest */ = {isa = PBXFileReference; explicitFileType = wrapper.cfbundle; includeInIndex = 0; path = TestDemoSagarRathodeTests.xctest; sourceTree = BUILT_PRODUCTS_DIR; };
		E987802B228A943B002290FE /* TestDemoSagarRathodeUITests.xctest */ = {isa = PBXFileReference; explicitFileType = wrapper.cfbundle; includeInIndex = 0; path = TestDemoSagarRathodeUITests.xctest; sourceTree = BUILT_PRODUCTS_DIR; };
		E987803D228A96BB002290FE /* CustomTableViewCell.swift */ = {isa = PBXFileReference; lastKnownFileType = sourcecode.swift; path = CustomTableViewCell.swift; sourceTree = "<group>"; };
/* End PBXFileReference section */

/* Begin PBXFrameworksBuildPhase section */
		E9878006228A942D002290FE /* Frameworks */ = {
			isa = PBXFrameworksBuildPhase;
			buildActionMask = 2147483647;
			files = (
			);
			runOnlyForDeploymentPostprocessing = 0;
		};
		E987801D228A943B002290FE /* Frameworks */ = {
			isa = PBXFrameworksBuildPhase;
			buildActionMask = 2147483647;
			files = (
			);
			runOnlyForDeploymentPostprocessing = 0;
		};
		E9878028228A943B002290FE /* Frameworks */ = {
			isa = PBXFrameworksBuildPhase;
			buildActionMask = 2147483647;
			files = (
			);
			runOnlyForDeploymentPostprocessing = 0;
		};
/* End PBXFrameworksBuildPhase section */

/* Begin PBXGroup section */
		E9878000228A942D002290FE = {
			isa = PBXGroup;
			children = (
				E987800B228A942D002290FE /* TestDemoSagarRathode */,
				E987800A228A942D002290FE /* Products */,
			);
			sourceTree = "<group>";
		};
		E987800A228A942D002290FE /* Products */ = {
			isa = PBXGroup;
			children = (
				E9878009228A942D002290FE /* TestDemoSagarRathode.app */,
				E9878020228A943B002290FE /* TestDemoSagarRathodeTests.xctest */,
				E987802B228A943B002290FE /* TestDemoSagarRathodeUITests.xctest */,
			);
			name = Products;
			sourceTree = "<group>";
		};
		E987800B228A942D002290FE /* TestDemoSagarRathode */ = {
			isa = PBXGroup;
			children = (
				E987800C228A942D002290FE /* AppDelegate.swift */,
				E987800E228A942E002290FE /* ViewController.swift */,
				E962815D22B35DA600CCA09D /* TestDemoSagarRathode.xcdatamodeld */,
				E987803D228A96BB002290FE /* CustomTableViewCell.swift */,
				E9878010228A942E002290FE /* Main.storyboard */,
				E9878016228A943B002290FE /* Assets.xcassets */,
				E9878018228A943B002290FE /* LaunchScreen.storyboard */,
				E987801B228A943B002290FE /* Info.plist */,
			);
			path = TestDemoSagarRathode;
			sourceTree = "<group>";
		};
/* End PBXGroup section */

/* Begin PBXNativeTarget section */
		E9878008228A942D002290FE /* TestDemoSagarRathode */ = {
			isa = PBXNativeTarget;
			buildConfigurationList = E9878034228A943B002290FE /* Build configuration list for PBXNativeTarget "TestDemoSagarRathode" */;
			buildPhases = (
				E9878005228A942D002290FE /* Sources */,
				E9878006228A942D002290FE /* Frameworks */,
				E9878007228A942D002290FE /* Resources */,
			);
			buildRules = (
			);
			dependencies = (
			);
			name = TestDemoSagarRathode;
			productName = TestDemoSagarRathode;
			productReference = E9878009228A942D002290FE /* TestDemoSagarRathode.app */;
			productType = "com.apple.product-type.application";
		};
		E987801F228A943B002290FE /* TestDemoSagarRathodeTests */ = {
			isa = PBXNativeTarget;
			buildConfigurationList = E9878037228A943B002290FE /* Build configuration list for PBXNativeTarget "TestDemoSagarRathodeTests" */;
			buildPhases = (
				E987801C228A943B002290FE /* Sources */,
				E987801D228A943B002290FE /* Frameworks */,
				E987801E228A943B002290FE /* Resources */,
			);
			buildRules = (
			);
			dependencies = (
				E9878022228A943B002290FE /* PBXTargetDependency */,
			);
			name = TestDemoSagarRathodeTests;
			productName = TestDemoSagarRathodeTests;
			productReference = E9878020228A943B002290FE /* TestDemoSagarRathodeTests.xctest */;
			productType = "com.apple.product-type.bundle.unit-test";
		};
		E987802A228A943B002290FE /* TestDemoSagarRathodeUITests */ = {
			isa = PBXNativeTarget;
			buildConfigurationList = E987803A228A943B002290FE /* Build configuration list for PBXNativeTarget "TestDemoSagarRathodeUITests" */;
			buildPhases = (
				E9878027228A943B002290FE /* Sources */,
				E9878028228A943B002290FE /* Frameworks */,
				E9878029228A943B002290FE /* Resources */,
			);
			buildRules = (
			);
			dependencies = (
				E987802D228A943B002290FE /* PBXTargetDependency */,
			);
			name = TestDemoSagarRathodeUITests;
			productName = TestDemoSagarRathodeUITests;
			productReference = E987802B228A943B002290FE /* TestDemoSagarRathodeUITests.xctest */;
			productType = "com.apple.product-type.bundle.ui-testing";
		};
/* End PBXNativeTarget section */

/* Begin PBXProject section */
		E9878001228A942D002290FE /* Project object */ = {
			isa = PBXProject;
			attributes = {
				LastSwiftUpdateCheck = 1020;
				LastUpgradeCheck = 1020;
				ORGANIZATIONNAME = "AppBell Technologies Pvt Ltd";
				TargetAttributes = {
					E9878008228A942D002290FE = {
						CreatedOnToolsVersion = 10.2;
					};
					E987801F228A943B002290FE = {
						CreatedOnToolsVersion = 10.2;
						TestTargetID = E9878008228A942D002290FE;
					};
					E987802A228A943B002290FE = {
						CreatedOnToolsVersion = 10.2;
						TestTargetID = E9878008228A942D002290FE;
					};
				};
			};
			buildConfigurationList = E9878004228A942D002290FE /* Build configuration list for PBXProject "TestDemoSagarRathode" */;
			compatibilityVersion = "Xcode 9.3";
			developmentRegion = en;
			hasScannedForEncodings = 0;
			knownRegions = (
				en,
				Base,
			);
			mainGroup = E9878000228A942D002290FE;
			productRefGroup = E987800A228A942D002290FE /* Products */;
			projectDirPath = "";
			projectRoot = "";
			targets = (
				E9878008228A942D002290FE /* TestDemoSagarRathode */,
				E987801F228A943B002290FE /* TestDemoSagarRathodeTests */,
				E987802A228A943B002290FE /* TestDemoSagarRathodeUITests */,
			);
		};
/* End PBXProject section */

/* Begin PBXResourcesBuildPhase section */
		E9878007228A942D002290FE /* Resources */ = {
			isa = PBXResourcesBuildPhase;
			buildActionMask = 2147483647;
			files = (
				E987801A228A943B002290FE /* LaunchScreen.storyboard in Resources */,
				E9878017228A943B002290FE /* Assets.xcassets in Resources */,
				E9878012228A942E002290FE /* Main.storyboard in Resources */,
			);
			runOnlyForDeploymentPostprocessing = 0;
		};
		E987801E228A943B002290FE /* Resources */ = {
			isa = PBXResourcesBuildPhase;
			buildActionMask = 2147483647;
			files = (
			);
			runOnlyForDeploymentPostprocessing = 0;
		};
		E9878029228A943B002290FE /* Resources */ = {
			isa = PBXResourcesBuildPhase;
			buildActionMask = 2147483647;
			files = (
			);
			runOnlyForDeploymentPostprocessing = 0;
		};
/* End PBXResourcesBuildPhase section */

/* Begin PBXSourcesBuildPhase section */
		E9878005228A942D002290FE /* Sources */ = {
			isa = PBXSourcesBuildPhase;
			buildActionMask = 2147483647;
			files = (
				E962815F22B35DA600CCA09D /* TestDemoSagarRathode.xcdatamodeld in Sources */,
				E987803E228A96BB002290FE /* CustomTableViewCell.swift in Sources */,
				E987800F228A942E002290FE /* ViewController.swift in Sources */,
				E987800D228A942D002290FE /* AppDelegate.swift in Sources */,
			);
			runOnlyForDeploymentPostprocessing = 0;
		};
		E987801C228A943B002290FE /* Sources */ = {
			isa = PBXSourcesBuildPhase;
			buildActionMask = 2147483647;
			files = (
			);
			runOnlyForDeploymentPostprocessing = 0;
		};
		E9878027228A943B002290FE /* Sources */ = {
			isa = PBXSourcesBuildPhase;
			buildActionMask = 2147483647;
			files = (
			);
			runOnlyForDeploymentPostprocessing = 0;
		};
/* End PBXSourcesBuildPhase section */

/* Begin PBXTargetDependency section */
		E9878022228A943B002290FE /* PBXTargetDependency */ = {
			isa = PBXTargetDependency;
			target = E9878008228A942D002290FE /* TestDemoSagarRathode */;
			targetProxy = E9878021228A943B002290FE /* PBXContainerItemProxy */;
		};
		E987802D228A943B002290FE /* PBXTargetDependency */ = {
			isa = PBXTargetDependency;
			target = E9878008228A942D002290FE /* TestDemoSagarRathode */;
			targetProxy = E987802C228A943B002290FE /* PBXContainerItemProxy */;
		};
/* End PBXTargetDependency section */

/* Begin PBXVariantGroup section */
		E9878010228A942E002290FE /* Main.storyboard */ = {
			isa = PBXVariantGroup;
			children = (
				E9878011228A942E002290FE /* Base */,
			);
			name = Main.storyboard;
			sourceTree = "<group>";
		};
		E9878018228A943B002290FE /* LaunchScreen.storyboard */ = {
			isa = PBXVariantGroup;
			children = (
				E9878019228A943B002290FE /* Base */,
			);
			name = LaunchScreen.storyboard;
			sourceTree = "<group>";
		};
/* End PBXVariantGroup section */

/* Begin XCBuildConfiguration section */
		E9878032228A943B002290FE /* Debug */ = {
			isa = XCBuildConfiguration;
			buildSettings = {
				ALWAYS_SEARCH_USER_PATHS = NO;
				CLANG_ANALYZER_NONNULL = YES;
				CLANG_ANALYZER_NUMBER_OBJECT_CONVERSION = YES_AGGRESSIVE;
				CLANG_CXX_LANGUAGE_STANDARD = "gnu++14";
				CLANG_CXX_LIBRARY = "libc++";
				CLANG_ENABLE_MODULES = YES;
				CLANG_ENABLE_OBJC_ARC = YES;
				CLANG_ENABLE_OBJC_WEAK = YES;
				CLANG_WARN_BLOCK_CAPTURE_AUTORELEASING = YES;
				CLANG_WARN_BOOL_CONVERSION = YES;
				CLANG_WARN_COMMA = YES;
				CLANG_WARN_CONSTANT_CONVERSION = YES;
				CLANG_WARN_DEPRECATED_OBJC_IMPLEMENTATIONS = YES;
				CLANG_WARN_DIRECT_OBJC_ISA_USAGE = YES_ERROR;
				CLANG_WARN_DOCUMENTATION_COMMENTS = YES;
				CLANG_WARN_EMPTY_BODY = YES;
				CLANG_WARN_ENUM_CONVERSION = YES;
				CLANG_WARN_INFINITE_RECURSION = YES;
				CLANG_WARN_INT_CONVERSION = YES;
				CLANG_WARN_NON_LITERAL_NULL_CONVERSION = YES;
				CLANG_WARN_OBJC_IMPLICIT_RETAIN_SELF = YES;
				CLANG_WARN_OBJC_LITERAL_CONVERSION = YES;
				CLANG_WARN_OBJC_ROOT_CLASS = YES_ERROR;
				CLANG_WARN_RANGE_LOOP_ANALYSIS = YES;
				CLANG_WARN_STRICT_PROTOTYPES = YES;
				CLANG_WARN_SUSPICIOUS_MOVE = YES;
				CLANG_WARN_UNGUARDED_AVAILABILITY = YES_AGGRESSIVE;
				CLANG_WARN_UNREACHABLE_CODE = YES;
				CLANG_WARN__DUPLICATE_METHOD_MATCH = YES;
				CODE_SIGN_IDENTITY = "iPhone Developer";
				COPY_PHASE_STRIP = NO;
				DEBUG_INFORMATION_FORMAT = dwarf;
				ENABLE_STRICT_OBJC_MSGSEND = YES;
				ENABLE_TESTABILITY = YES;
				GCC_C_LANGUAGE_STANDARD = gnu11;
				GCC_DYNAMIC_NO_PIC = NO;
				GCC_NO_COMMON_BLOCKS = YES;
				GCC_OPTIMIZATION_LEVEL = 0;
				GCC_PREPROCESSOR_DEFINITIONS = (
					"DEBUG=1",
					"$(inherited)",
				);
				GCC_WARN_64_TO_32_BIT_CONVERSION = YES;
				GCC_WARN_ABOUT_RETURN_TYPE = YES_ERROR;
				GCC_WARN_UNDECLARED_SELECTOR = YES;
				GCC_WARN_UNINITIALIZED_AUTOS = YES_AGGRESSIVE;
				GCC_WARN_UNUSED_FUNCTION = YES;
				GCC_WARN_UNUSED_VARIABLE = YES;
				IPHONEOS_DEPLOYMENT_TARGET = 12.2;
				MTL_ENABLE_DEBUG_INFO = INCLUDE_SOURCE;
				MTL_FAST_MATH = YES;
				ONLY_ACTIVE_ARCH = YES;
				SDKROOT = iphoneos;
				SWIFT_ACTIVE_COMPILATION_CONDITIONS = DEBUG;
				SWIFT_OPTIMIZATION_LEVEL = "-Onone";
			};
			name = Debug;
		};
		E9878033228A943B002290FE /* Release */ = {
			isa = XCBuildConfiguration;
			buildSettings = {
				ALWAYS_SEARCH_USER_PATHS = NO;
				CLANG_ANALYZER_NONNULL = YES;
				CLANG_ANALYZER_NUMBER_OBJECT_CONVERSION = YES_AGGRESSIVE;
				CLANG_CXX_LANGUAGE_STANDARD = "gnu++14";
				CLANG_CXX_LIBRARY = "libc++";
				CLANG_ENABLE_MODULES = YES;
				CLANG_ENABLE_OBJC_ARC = YES;
				CLANG_ENABLE_OBJC_WEAK = YES;
				CLANG_WARN_BLOCK_CAPTURE_AUTORELEASING = YES;
				CLANG_WARN_BOOL_CONVERSION = YES;
				CLANG_WARN_COMMA = YES;
				CLANG_WARN_CONSTANT_CONVERSION = YES;
				CLANG_WARN_DEPRECATED_OBJC_IMPLEMENTATIONS = YES;
				CLANG_WARN_DIRECT_OBJC_ISA_USAGE = YES_ERROR;
				CLANG_WARN_DOCUMENTATION_COMMENTS = YES;
				CLANG_WARN_EMPTY_BODY = YES;
				CLANG_WARN_ENUM_CONVERSION = YES;
				CLANG_WARN_INFINITE_RECURSION = YES;
				CLANG_WARN_INT_CONVERSION = YES;
				CLANG_WARN_NON_LITERAL_NULL_CONVERSION = YES;
				CLANG_WARN_OBJC_IMPLICIT_RETAIN_SELF = YES;
				CLANG_WARN_OBJC_LITERAL_CONVERSION = YES;
				CLANG_WARN_OBJC_ROOT_CLASS = YES_ERROR;
				CLANG_WARN_RANGE_LOOP_ANALYSIS = YES;
				CLANG_WARN_STRICT_PROTOTYPES = YES;
				CLANG_WARN_SUSPICIOUS_MOVE = YES;
				CLANG_WARN_UNGUARDED_AVAILABILITY = YES_AGGRESSIVE;
				CLANG_WARN_UNREACHABLE_CODE = YES;
				CLANG_WARN__DUPLICATE_METHOD_MATCH = YES;
				CODE_SIGN_IDENTITY = "iPhone Developer";
				COPY_PHASE_STRIP = NO;
				DEBUG_INFORMATION_FORMAT = "dwarf-with-dsym";
				ENABLE_NS_ASSERTIONS = NO;
				ENABLE_STRICT_OBJC_MSGSEND = YES;
				GCC_C_LANGUAGE_STANDARD = gnu11;
				GCC_NO_COMMON_BLOCKS = YES;
				GCC_WARN_64_TO_32_BIT_CONVERSION = YES;
				GCC_WARN_ABOUT_RETURN_TYPE = YES_ERROR;
				GCC_WARN_UNDECLARED_SELECTOR = YES;
				GCC_WARN_UNINITIALIZED_AUTOS = YES_AGGRESSIVE;
				GCC_WARN_UNUSED_FUNCTION = YES;
				GCC_WARN_UNUSED_VARIABLE = YES;
				IPHONEOS_DEPLOYMENT_TARGET = 12.2;
				MTL_ENABLE_DEBUG_INFO = NO;
				MTL_FAST_MATH = YES;
				SDKROOT = iphoneos;
				SWIFT_COMPILATION_MODE = wholemodule;
				SWIFT_OPTIMIZATION_LEVEL = "-O";
				VALIDATE_PRODUCT = YES;
			};
			name = Release;
		};
		E9878035228A943B002290FE /* Debug */ = {
			isa = XCBuildConfiguration;
			buildSettings = {
				ASSETCATALOG_COMPILER_APPICON_NAME = AppIcon;
				CODE_SIGN_STYLE = Automatic;
				DEVELOPMENT_TEAM = JS5G4AN4TZ;
				INFOPLIST_FILE = TestDemoSagarRathode/Info.plist;
				LD_RUNPATH_SEARCH_PATHS = (
					"$(inherited)",
					"@executable_path/Frameworks",
				);
				PRODUCT_BUNDLE_IDENTIFIER = com.appbell.com.TestDemoSagarRathode;
				PRODUCT_NAME = "$(TARGET_NAME)";
				SWIFT_VERSION = 5.0;
				TARGETED_DEVICE_FAMILY = "1,2";
			};
			name = Debug;
		};
		E9878036228A943B002290FE /* Release */ = {
			isa = XCBuildConfiguration;
			buildSettings = {
				ASSETCATALOG_COMPILER_APPICON_NAME = AppIcon;
				CODE_SIGN_STYLE = Automatic;
				DEVELOPMENT_TEAM = JS5G4AN4TZ;
				INFOPLIST_FILE = TestDemoSagarRathode/Info.plist;
				LD_RUNPATH_SEARCH_PATHS = (
					"$(inherited)",
					"@executable_path/Frameworks",
				);
				PRODUCT_BUNDLE_IDENTIFIER = com.appbell.com.TestDemoSagarRathode;
				PRODUCT_NAME = "$(TARGET_NAME)";
				SWIFT_VERSION = 5.0;
				TARGETED_DEVICE_FAMILY = "1,2";
			};
			name = Release;
		};
		E9878038228A943B002290FE /* Debug */ = {
			isa = XCBuildConfiguration;
			buildSettings = {
				ALWAYS_EMBED_SWIFT_STANDARD_LIBRARIES = YES;
				BUNDLE_LOADER = "$(TEST_HOST)";
				CODE_SIGN_STYLE = Automatic;
				DEVELOPMENT_TEAM = JS5G4AN4TZ;
				INFOPLIST_FILE = TestDemoSagarRathodeTests/Info.plist;
				LD_RUNPATH_SEARCH_PATHS = (
					"$(inherited)",
					"@executable_path/Frameworks",
					"@loader_path/Frameworks",
				);
				PRODUCT_BUNDLE_IDENTIFIER = com.appbell.com.TestDemoSagarRathodeTests;
				PRODUCT_NAME = "$(TARGET_NAME)";
				SWIFT_VERSION = 5.0;
				TARGETED_DEVICE_FAMILY = "1,2";
				TEST_HOST = "$(BUILT_PRODUCTS_DIR)/TestDemoSagarRathode.app/TestDemoSagarRathode";
			};
			name = Debug;
		};
		E9878039228A943B002290FE /* Release */ = {
			isa = XCBuildConfiguration;
			buildSettings = {
				ALWAYS_EMBED_SWIFT_STANDARD_LIBRARIES = YES;
				BUNDLE_LOADER = "$(TEST_HOST)";
				CODE_SIGN_STYLE = Automatic;
				DEVELOPMENT_TEAM = JS5G4AN4TZ;
				INFOPLIST_FILE = TestDemoSagarRathodeTests/Info.plist;
				LD_RUNPATH_SEARCH_PATHS = (
					"$(inherited)",
					"@executable_path/Frameworks",
					"@loader_path/Frameworks",
				);
				PRODUCT_BUNDLE_IDENTIFIER = com.appbell.com.TestDemoSagarRathodeTests;
				PRODUCT_NAME = "$(TARGET_NAME)";
				SWIFT_VERSION = 5.0;
				TARGETED_DEVICE_FAMILY = "1,2";
				TEST_HOST = "$(BUILT_PRODUCTS_DIR)/TestDemoSagarRathode.app/TestDemoSagarRathode";
			};
			name = Release;
		};
		E987803B228A943B002290FE /* Debug */ = {
			isa = XCBuildConfiguration;
			buildSettings = {
				ALWAYS_EMBED_SWIFT_STANDARD_LIBRARIES = YES;
				CODE_SIGN_STYLE = Automatic;
				DEVELOPMENT_TEAM = JS5G4AN4TZ;
				INFOPLIST_FILE = TestDemoSagarRathodeUITests/Info.plist;
				LD_RUNPATH_SEARCH_PATHS = (
					"$(inherited)",
					"@executable_path/Frameworks",
					"@loader_path/Frameworks",
				);
				PRODUCT_BUNDLE_IDENTIFIER = com.appbell.com.TestDemoSagarRathodeUITests;
				PRODUCT_NAME = "$(TARGET_NAME)";
				SWIFT_VERSION = 5.0;
				TARGETED_DEVICE_FAMILY = "1,2";
				TEST_TARGET_NAME = TestDemoSagarRathode;
			};
			name = Debug;
		};
		E987803C228A943B002290FE /* Release */ = {
			isa = XCBuildConfiguration;
			buildSettings = {
				ALWAYS_EMBED_SWIFT_STANDARD_LIBRARIES = YES;
				CODE_SIGN_STYLE = Automatic;
				DEVELOPMENT_TEAM = JS5G4AN4TZ;
				INFOPLIST_FILE = TestDemoSagarRathodeUITests/Info.plist;
				LD_RUNPATH_SEARCH_PATHS = (
					"$(inherited)",
					"@executable_path/Frameworks",
					"@loader_path/Frameworks",
				);
				PRODUCT_BUNDLE_IDENTIFIER = com.appbell.com.TestDemoSagarRathodeUITests;
				PRODUCT_NAME = "$(TARGET_NAME)";
				SWIFT_VERSION = 5.0;
				TARGETED_DEVICE_FAMILY = "1,2";
				TEST_TARGET_NAME = TestDemoSagarRathode;
			};
			name = Release;
		};
/* End XCBuildConfiguration section */

/* Begin XCConfigurationList section */
		E9878004228A942D002290FE /* Build configuration list for PBXProject "TestDemoSagarRathode" */ = {
			isa = XCConfigurationList;
			buildConfigurations = (
				E9878032228A943B002290FE /* Debug */,
				E9878033228A943B002290FE /* Release */,
			);
			defaultConfigurationIsVisible = 0;
			defaultConfigurationName = Release;
		};
		E9878034228A943B002290FE /* Build configuration list for PBXNativeTarget "TestDemoSagarRathode" */ = {
			isa = XCConfigurationList;
			buildConfigurations = (
				E9878035228A943B002290FE /* Debug */,
				E9878036228A943B002290FE /* Release */,
			);
			defaultConfigurationIsVisible = 0;
			defaultConfigurationName = Release;
		};
		E9878037228A943B002290FE /* Build configuration list for PBXNativeTarget "TestDemoSagarRathodeTests" */ = {
			isa = XCConfigurationList;
			buildConfigurations = (
				E9878038228A943B002290FE /* Debug */,
				E9878039228A943B002290FE /* Release */,
			);
			defaultConfigurationIsVisible = 0;
			defaultConfigurationName = Release;
		};
		E987803A228A943B002290FE /* Build configuration list for PBXNativeTarget "TestDemoSagarRathodeUITests" */ = {
			isa = XCConfigurationList;
			buildConfigurations = (
				E987803B228A943B002290FE /* Debug */,
				E987803C228A943B002290FE /* Release */,
			);
			defaultConfigurationIsVisible = 0;
			defaultConfigurationName = Release;
		};
/* End XCConfigurationList section */

/* Begin XCVersionGroup section */
		E962815D22B35DA600CCA09D /* TestDemoSagarRathode.xcdatamodeld */ = {
			isa = XCVersionGroup;
			children = (
				E962815E22B35DA600CCA09D /* TestDemoSagarRathode.xcdatamodel */,
			);
			currentVersion = E962815E22B35DA600CCA09D /* TestDemoSagarRathode.xcdatamodel */;
			path = TestDemoSagarRathode.xcdatamodeld;
			sourceTree = "<group>";
			versionGroupType = wrapper.xcdatamodel;
		};
/* End XCVersionGroup section */
	};
	rootObject = E9878001228A942D002290FE /* Project object */;
}
